
Microsoft Visual Studio Solution File, Format Version 12.00
# Visual Studio Version 17
VisualStudioVersion = 17.5.33530.505
MinimumVisualStudioVersion = 10.0.40219.1
Project("{FAE04EC0-301F-11D3-BF4B-00C04F79EFBC}") = "1110 hw", "1110 hw\1110 hw.csproj", "{641B8C0D-FFD4-4925-B947-837056426231}"
EndProject
Global
	GlobalSection(SolutionConfigurationPlatforms) = preSolution
		Debug|Any CPU = Debug|Any CPU
		Release|Any CPU = Release|Any CPU
	EndGlobalSection
	GlobalSection(ProjectConfigurationPlatforms) = postSolution
		{641B8C0D-FFD4-4925-B947-837056426231}.Debug|Any CPU.ActiveCfg = Debug|Any CPU
		{641B8C0D-FFD4-4925-B947-837056426231}.Debug|Any CPU.Build.0 = Debug|Any CPU
		{641B8C0D-FFD4-4925-B947-837056426231}.Release|Any CPU.ActiveCfg = Release|Any CPU
		{641B8C0D-FFD4-4925-B947-837056426231}.Release|Any CPU.Build.0 = Release|Any CPU
	EndGlobalSection
	GlobalSection(SolutionProperties) = preSolution
		HideSolutionNode = FALSE
	EndGlobalSection
	GlobalSection(ExtensibilityGlobals) = postSolution
		SolutionGuid = {2A70FCC4-D49F-4A95-AFCF-0CC4E04C448A}
	EndGlobalSection
EndGlobal
